
Microsoft Visual Studio Solution File, Format Version 12.00
# Visual Studio Version 16
VisualStudioVersion = 16.0.28803.202
MinimumVisualStudioVersion = 10.0.40219.1
Project("{2150E333-8FDC-42A3-9474-1A3956D46DE8}") = "Application", "Application", "{C1D794E9-F6C7-4D23-A6D5-73F370C15E73}"
EndProject
Project("{2150E333-8FDC-42A3-9474-1A3956D46DE8}") = "Data", "Data", "{D2579411-5174-4169-8076-3859B1B15F3F}"
EndProject
Project("{9A19103F-16F7-4668-BE54-9A1E7A4F7556}") = "WiLSoft.Store.Data", "Data\WiLSoft.Store.Data\WiLSoft.Store.Data.csproj", "{F3135EA4-5F97-447F-AD45-90682C4CA130}"
EndProject
Project("{9A19103F-16F7-4668-BE54-9A1E7A4F7556}") = "WiLSoft.Store.Data.Models", "Data\WiLSoft.Store.Data.Models\WiLSoft.Store.Data.Models.csproj", "{334C7BC3-40A5-4E4B-96DB-970654726FE3}"
EndProject
Project("{9A19103F-16F7-4668-BE54-9A1E7A4F7556}") = "WiLSoft.Store.Data.ViewModels", "Data\WiLSoft.Store.Data.ViewModels\WiLSoft.Store.Data.ViewModels.csproj", "{A74110D2-9607-45FD-9B0B-5EE4B91F8A19}"
EndProject
Project("{9A19103F-16F7-4668-BE54-9A1E7A4F7556}") = "WiLSoft.Store.Web.Client", "Application\WiLSoft.Store.Web.Client\WiLSoft.Store.Web.Client.csproj", "{120FE975-D4F7-4AED-AC8A-45F13FF222BC}"
EndProject
Project("{9A19103F-16F7-4668-BE54-9A1E7A4F7556}") = "WiLSoft.Store.Web.Client.Administration", "Application\WiLSoft.Store.Web.Client.Administration\WiLSoft.Store.Web.Client.Administration.csproj", "{B70BF700-175F-4701-92C2-8B1BF8866C35}"
EndProject
Project("{9A19103F-16F7-4668-BE54-9A1E7A4F7556}") = "WiLSoft.Store.Web.Administration", "Application\WiLSoft.Store.Web.Administration\WiLSoft.Store.Web.Administration.csproj", "{D901835A-7F85-4CD8-A810-E9EC15C9C9FD}"
EndProject
Project("{9A19103F-16F7-4668-BE54-9A1E7A4F7556}") = "WiLSoft.Store.Mobile", "Application\WiLSoft.Store.Mobile\WiLSoft.Store.Mobile.csproj", "{BDA870AA-016D-4C34-B68D-D3F16A8F2EF5}"
EndProject
Project("{2150E333-8FDC-42A3-9474-1A3956D46DE8}") = "Gateway", "Gateway", "{F81E54AA-B100-41A8-983F-A1D718FA817D}"
EndProject
Project("{9A19103F-16F7-4668-BE54-9A1E7A4F7556}") = "WiLSoft.Authentatiocation", "Application\WiLSoft.Authentatiocation\WiLSoft.Authentatiocation.csproj", "{4DF37616-9078-4C3E-9501-82889F73680D}"
EndProject
Project("{2150E333-8FDC-42A3-9474-1A3956D46DE8}") = "Microservices", "Microservices", "{1CDE71A5-0600-4612-91C1-47FD5DE771B5}"
EndProject
Project("{2150E333-8FDC-42A3-9474-1A3956D46DE8}") = "Modules", "Modules", "{FF93335D-19F5-4367-B96E-9BBAEAE17939}"
EndProject
Project("{9A19103F-16F7-4668-BE54-9A1E7A4F7556}") = "WiLSoft.Gateway", "Gataway\WiLSoft.Gateway\WiLSoft.Gateway.csproj", "{3FB9B431-F2FF-4DA3-8738-00ADD2B00D22}"
EndProject
Project("{9A19103F-16F7-4668-BE54-9A1E7A4F7556}") = "WiLSoft.Auth.Microservice", "Microservices\WiLSoft.Auth.Microservice\WiLSoft.Auth.Microservice.csproj", "{7CBE684B-78C9-46AB-B232-DF458F031D09}"
EndProject
Project("{9A19103F-16F7-4668-BE54-9A1E7A4F7556}") = "WiLSoft.Store.Microservice.ProductManagment", "Microservices\WiLSoft.Store.Microservice.ProductManagment\WiLSoft.Store.Microservice.ProductManagment.csproj", "{AACC1532-055A-4425-A95B-A86504A443CF}"
EndProject
Project("{9A19103F-16F7-4668-BE54-9A1E7A4F7556}") = "WiLSoft.Store.ShopingCart.Microservice", "Microservices\WiLSoft.Store.ShopingCart.Microservice\WiLSoft.Store.ShopingCart.Microservice.csproj", "{A9B6F6E8-0905-4CE7-9D90-7D7A4F0985DE}"
EndProject
Project("{9A19103F-16F7-4668-BE54-9A1E7A4F7556}") = "WiLSoft.Microservice.Payment", "Microservices\WiLSoft.Microservice.Payment\WiLSoft.Microservice.Payment.csproj", "{C1F26873-FE09-43E2-9337-3AB5B2575499}"
EndProject
Project("{2150E333-8FDC-42A3-9474-1A3956D46DE8}") = "Infrastructure", "Infrastructure", "{2C73F1A2-371B-474B-99ED-3AF4F6CB4BF9}"
EndProject
Project("{2150E333-8FDC-42A3-9474-1A3956D46DE8}") = "WebModules", "WebModules", "{D3C890F8-414B-4A6F-8E4F-935A3C2994D8}"
EndProject
Project("{FAE04EC0-301F-11D3-BF4B-00C04F79EFBC}") = "WiLSoft.WebModule.Core", "WebModule\WiLSoft.WebModule.Core\WiLSoft.WebModule.Core.csproj", "{4F93A675-89DF-4764-BCB3-71564F323589}"
EndProject
Project("{FAE04EC0-301F-11D3-BF4B-00C04F79EFBC}") = "WILSoft.Module.OrderProcessing", "Modules\WILSoft.Module.OrderProcessing\WILSoft.Module.OrderProcessing.csproj", "{B0085367-0625-49B4-B785-7466542DB7A5}"
EndProject
Project("{FAE04EC0-301F-11D3-BF4B-00C04F79EFBC}") = "WiLSoft.Module.Payment", "Modules\WiLSoft.Module.Payment\WiLSoft.Module.Payment.csproj", "{EBE03398-5EDE-45FF-88B2-613EE049714D}"
EndProject
Project("{FAE04EC0-301F-11D3-BF4B-00C04F79EFBC}") = "WiLSoft.Store.Module.ProductManagment", "Modules\WiLSoft.Store.Module.ProductManagment\WiLSoft.Store.Module.ProductManagment.csproj", "{66074F64-1E0D-4E75-AF06-ABC41DF0A2E2}"
EndProject
Project("{FAE04EC0-301F-11D3-BF4B-00C04F79EFBC}") = "WiLSoft.Module.ShoppingCart", "Modules\WiLSoft.Module.ShoppingCart\WiLSoft.Module.ShoppingCart.csproj", "{C7371E0E-01B0-47CE-9A0B-F77DC432F542}"
EndProject
Project("{FAE04EC0-301F-11D3-BF4B-00C04F79EFBC}") = "WiLSoft.Infrastructure.Core", "Infrasctructure\WiLSoft.Infrastructure.Core\WiLSoft.Infrastructure.Core.csproj", "{3DD1DBB0-2F83-4011-AC06-0360253ADD22}"
EndProject
Project("{FAE04EC0-301F-11D3-BF4B-00C04F79EFBC}") = "WiLSoft.Infrasctructure.Application", "Infrasctructure\WiLSoft.Infrasctructure.Application\WiLSoft.Infrasctructure.Application.csproj", "{90C0E9F9-6D0A-4C10-95C9-693FE8D51A7F}"
EndProject
Global
	GlobalSection(SolutionConfigurationPlatforms) = preSolution
		Debug|Any CPU = Debug|Any CPU
		Release|Any CPU = Release|Any CPU
	EndGlobalSection
	GlobalSection(ProjectConfigurationPlatforms) = postSolution
		{F3135EA4-5F97-447F-AD45-90682C4CA130}.Debug|Any CPU.ActiveCfg = Debug|Any CPU
		{F3135EA4-5F97-447F-AD45-90682C4CA130}.Debug|Any CPU.Build.0 = Debug|Any CPU
		{F3135EA4-5F97-447F-AD45-90682C4CA130}.Release|Any CPU.ActiveCfg = Release|Any CPU
		{F3135EA4-5F97-447F-AD45-90682C4CA130}.Release|Any CPU.Build.0 = Release|Any CPU
		{334C7BC3-40A5-4E4B-96DB-970654726FE3}.Debug|Any CPU.ActiveCfg = Debug|Any CPU
		{334C7BC3-40A5-4E4B-96DB-970654726FE3}.Debug|Any CPU.Build.0 = Debug|Any CPU
		{334C7BC3-40A5-4E4B-96DB-970654726FE3}.Release|Any CPU.ActiveCfg = Release|Any CPU
		{334C7BC3-40A5-4E4B-96DB-970654726FE3}.Release|Any CPU.Build.0 = Release|Any CPU
		{A74110D2-9607-45FD-9B0B-5EE4B91F8A19}.Debug|Any CPU.ActiveCfg = Debug|Any CPU
		{A74110D2-9607-45FD-9B0B-5EE4B91F8A19}.Debug|Any CPU.Build.0 = Debug|Any CPU
		{A74110D2-9607-45FD-9B0B-5EE4B91F8A19}.Release|Any CPU.ActiveCfg = Release|Any CPU
		{A74110D2-9607-45FD-9B0B-5EE4B91F8A19}.Release|Any CPU.Build.0 = Release|Any CPU
		{120FE975-D4F7-4AED-AC8A-45F13FF222BC}.Debug|Any CPU.ActiveCfg = Debug|Any CPU
		{120FE975-D4F7-4AED-AC8A-45F13FF222BC}.Debug|Any CPU.Build.0 = Debug|Any CPU
		{120FE975-D4F7-4AED-AC8A-45F13FF222BC}.Release|Any CPU.ActiveCfg = Release|Any CPU
		{120FE975-D4F7-4AED-AC8A-45F13FF222BC}.Release|Any CPU.Build.0 = Release|Any CPU
		{B70BF700-175F-4701-92C2-8B1BF8866C35}.Debug|Any CPU.ActiveCfg = Debug|Any CPU
		{B70BF700-175F-4701-92C2-8B1BF8866C35}.Debug|Any CPU.Build.0 = Debug|Any CPU
		{B70BF700-175F-4701-92C2-8B1BF8866C35}.Release|Any CPU.ActiveCfg = Release|Any CPU
		{B70BF700-175F-4701-92C2-8B1BF8866C35}.Release|Any CPU.Build.0 = Release|Any CPU
		{D901835A-7F85-4CD8-A810-E9EC15C9C9FD}.Debug|Any CPU.ActiveCfg = Debug|Any CPU
		{D901835A-7F85-4CD8-A810-E9EC15C9C9FD}.Debug|Any CPU.Build.0 = Debug|Any CPU
		{D901835A-7F85-4CD8-A810-E9EC15C9C9FD}.Release|Any CPU.ActiveCfg = Release|Any CPU
		{D901835A-7F85-4CD8-A810-E9EC15C9C9FD}.Release|Any CPU.Build.0 = Release|Any CPU
		{BDA870AA-016D-4C34-B68D-D3F16A8F2EF5}.Debug|Any CPU.ActiveCfg = Debug|Any CPU
		{BDA870AA-016D-4C34-B68D-D3F16A8F2EF5}.Debug|Any CPU.Build.0 = Debug|Any CPU
		{BDA870AA-016D-4C34-B68D-D3F16A8F2EF5}.Release|Any CPU.ActiveCfg = Release|Any CPU
		{BDA870AA-016D-4C34-B68D-D3F16A8F2EF5}.Release|Any CPU.Build.0 = Release|Any CPU
		{4DF37616-9078-4C3E-9501-82889F73680D}.Debug|Any CPU.ActiveCfg = Debug|Any CPU
		{4DF37616-9078-4C3E-9501-82889F73680D}.Debug|Any CPU.Build.0 = Debug|Any CPU
		{4DF37616-9078-4C3E-9501-82889F73680D}.Release|Any CPU.ActiveCfg = Release|Any CPU
		{4DF37616-9078-4C3E-9501-82889F73680D}.Release|Any CPU.Build.0 = Release|Any CPU
		{3FB9B431-F2FF-4DA3-8738-00ADD2B00D22}.Debug|Any CPU.ActiveCfg = Debug|Any CPU
		{3FB9B431-F2FF-4DA3-8738-00ADD2B00D22}.Debug|Any CPU.Build.0 = Debug|Any CPU
		{3FB9B431-F2FF-4DA3-8738-00ADD2B00D22}.Release|Any CPU.ActiveCfg = Release|Any CPU
		{3FB9B431-F2FF-4DA3-8738-00ADD2B00D22}.Release|Any CPU.Build.0 = Release|Any CPU
		{7CBE684B-78C9-46AB-B232-DF458F031D09}.Debug|Any CPU.ActiveCfg = Debug|Any CPU
		{7CBE684B-78C9-46AB-B232-DF458F031D09}.Debug|Any CPU.Build.0 = Debug|Any CPU
		{7CBE684B-78C9-46AB-B232-DF458F031D09}.Release|Any CPU.ActiveCfg = Release|Any CPU
		{7CBE684B-78C9-46AB-B232-DF458F031D09}.Release|Any CPU.Build.0 = Release|Any CPU
		{AACC1532-055A-4425-A95B-A86504A443CF}.Debug|Any CPU.ActiveCfg = Debug|Any CPU
		{AACC1532-055A-4425-A95B-A86504A443CF}.Debug|Any CPU.Build.0 = Debug|Any CPU
		{AACC1532-055A-4425-A95B-A86504A443CF}.Release|Any CPU.ActiveCfg = Release|Any CPU
		{AACC1532-055A-4425-A95B-A86504A443CF}.Release|Any CPU.Build.0 = Release|Any CPU
		{A9B6F6E8-0905-4CE7-9D90-7D7A4F0985DE}.Debug|Any CPU.ActiveCfg = Debug|Any CPU
		{A9B6F6E8-0905-4CE7-9D90-7D7A4F0985DE}.Debug|Any CPU.Build.0 = Debug|Any CPU
		{A9B6F6E8-0905-4CE7-9D90-7D7A4F0985DE}.Release|Any CPU.ActiveCfg = Release|Any CPU
		{A9B6F6E8-0905-4CE7-9D90-7D7A4F0985DE}.Release|Any CPU.Build.0 = Release|Any CPU
		{C1F26873-FE09-43E2-9337-3AB5B2575499}.Debug|Any CPU.ActiveCfg = Debug|Any CPU
		{C1F26873-FE09-43E2-9337-3AB5B2575499}.Debug|Any CPU.Build.0 = Debug|Any CPU
		{C1F26873-FE09-43E2-9337-3AB5B2575499}.Release|Any CPU.ActiveCfg = Release|Any CPU
		{C1F26873-FE09-43E2-9337-3AB5B2575499}.Release|Any CPU.Build.0 = Release|Any CPU
		{4F93A675-89DF-4764-BCB3-71564F323589}.Debug|Any CPU.ActiveCfg = Debug|Any CPU
		{4F93A675-89DF-4764-BCB3-71564F323589}.Debug|Any CPU.Build.0 = Debug|Any CPU
		{4F93A675-89DF-4764-BCB3-71564F323589}.Release|Any CPU.ActiveCfg = Release|Any CPU
		{4F93A675-89DF-4764-BCB3-71564F323589}.Release|Any CPU.Build.0 = Release|Any CPU
		{B0085367-0625-49B4-B785-7466542DB7A5}.Debug|Any CPU.ActiveCfg = Debug|Any CPU
		{B0085367-0625-49B4-B785-7466542DB7A5}.Debug|Any CPU.Build.0 = Debug|Any CPU
		{B0085367-0625-49B4-B785-7466542DB7A5}.Release|Any CPU.ActiveCfg = Release|Any CPU
		{B0085367-0625-49B4-B785-7466542DB7A5}.Release|Any CPU.Build.0 = Release|Any CPU
		{EBE03398-5EDE-45FF-88B2-613EE049714D}.Debug|Any CPU.ActiveCfg = Debug|Any CPU
		{EBE03398-5EDE-45FF-88B2-613EE049714D}.Debug|Any CPU.Build.0 = Debug|Any CPU
		{EBE03398-5EDE-45FF-88B2-613EE049714D}.Release|Any CPU.ActiveCfg = Release|Any CPU
		{EBE03398-5EDE-45FF-88B2-613EE049714D}.Release|Any CPU.Build.0 = Release|Any CPU
		{66074F64-1E0D-4E75-AF06-ABC41DF0A2E2}.Debug|Any CPU.ActiveCfg = Debug|Any CPU
		{66074F64-1E0D-4E75-AF06-ABC41DF0A2E2}.Debug|Any CPU.Build.0 = Debug|Any CPU
		{66074F64-1E0D-4E75-AF06-ABC41DF0A2E2}.Release|Any CPU.ActiveCfg = Release|Any CPU
		{66074F64-1E0D-4E75-AF06-ABC41DF0A2E2}.Release|Any CPU.Build.0 = Release|Any CPU
		{C7371E0E-01B0-47CE-9A0B-F77DC432F542}.Debug|Any CPU.ActiveCfg = Debug|Any CPU
		{C7371E0E-01B0-47CE-9A0B-F77DC432F542}.Debug|Any CPU.Build.0 = Debug|Any CPU
		{C7371E0E-01B0-47CE-9A0B-F77DC432F542}.Release|Any CPU.ActiveCfg = Release|Any CPU
		{C7371E0E-01B0-47CE-9A0B-F77DC432F542}.Release|Any CPU.Build.0 = Release|Any CPU
		{3DD1DBB0-2F83-4011-AC06-0360253ADD22}.Debug|Any CPU.ActiveCfg = Debug|Any CPU
		{3DD1DBB0-2F83-4011-AC06-0360253ADD22}.Debug|Any CPU.Build.0 = Debug|Any CPU
		{3DD1DBB0-2F83-4011-AC06-0360253ADD22}.Release|Any CPU.ActiveCfg = Release|Any CPU
		{3DD1DBB0-2F83-4011-AC06-0360253ADD22}.Release|Any CPU.Build.0 = Release|Any CPU
		{90C0E9F9-6D0A-4C10-95C9-693FE8D51A7F}.Debug|Any CPU.ActiveCfg = Debug|Any CPU
		{90C0E9F9-6D0A-4C10-95C9-693FE8D51A7F}.Debug|Any CPU.Build.0 = Debug|Any CPU
		{90C0E9F9-6D0A-4C10-95C9-693FE8D51A7F}.Release|Any CPU.ActiveCfg = Release|Any CPU
		{90C0E9F9-6D0A-4C10-95C9-693FE8D51A7F}.Release|Any CPU.Build.0 = Release|Any CPU
	EndGlobalSection
	GlobalSection(SolutionProperties) = preSolution
		HideSolutionNode = FALSE
	EndGlobalSection
	GlobalSection(NestedProjects) = preSolution
		{F3135EA4-5F97-447F-AD45-90682C4CA130} = {D2579411-5174-4169-8076-3859B1B15F3F}
		{334C7BC3-40A5-4E4B-96DB-970654726FE3} = {D2579411-5174-4169-8076-3859B1B15F3F}
		{A74110D2-9607-45FD-9B0B-5EE4B91F8A19} = {D2579411-5174-4169-8076-3859B1B15F3F}
		{120FE975-D4F7-4AED-AC8A-45F13FF222BC} = {C1D794E9-F6C7-4D23-A6D5-73F370C15E73}
		{B70BF700-175F-4701-92C2-8B1BF8866C35} = {C1D794E9-F6C7-4D23-A6D5-73F370C15E73}
		{D901835A-7F85-4CD8-A810-E9EC15C9C9FD} = {C1D794E9-F6C7-4D23-A6D5-73F370C15E73}
		{BDA870AA-016D-4C34-B68D-D3F16A8F2EF5} = {C1D794E9-F6C7-4D23-A6D5-73F370C15E73}
		{4DF37616-9078-4C3E-9501-82889F73680D} = {C1D794E9-F6C7-4D23-A6D5-73F370C15E73}
		{3FB9B431-F2FF-4DA3-8738-00ADD2B00D22} = {F81E54AA-B100-41A8-983F-A1D718FA817D}
		{7CBE684B-78C9-46AB-B232-DF458F031D09} = {1CDE71A5-0600-4612-91C1-47FD5DE771B5}
		{AACC1532-055A-4425-A95B-A86504A443CF} = {1CDE71A5-0600-4612-91C1-47FD5DE771B5}
		{A9B6F6E8-0905-4CE7-9D90-7D7A4F0985DE} = {1CDE71A5-0600-4612-91C1-47FD5DE771B5}
		{C1F26873-FE09-43E2-9337-3AB5B2575499} = {1CDE71A5-0600-4612-91C1-47FD5DE771B5}
		{4F93A675-89DF-4764-BCB3-71564F323589} = {D3C890F8-414B-4A6F-8E4F-935A3C2994D8}
		{B0085367-0625-49B4-B785-7466542DB7A5} = {FF93335D-19F5-4367-B96E-9BBAEAE17939}
		{EBE03398-5EDE-45FF-88B2-613EE049714D} = {FF93335D-19F5-4367-B96E-9BBAEAE17939}
		{66074F64-1E0D-4E75-AF06-ABC41DF0A2E2} = {FF93335D-19F5-4367-B96E-9BBAEAE17939}
		{C7371E0E-01B0-47CE-9A0B-F77DC432F542} = {FF93335D-19F5-4367-B96E-9BBAEAE17939}
		{3DD1DBB0-2F83-4011-AC06-0360253ADD22} = {2C73F1A2-371B-474B-99ED-3AF4F6CB4BF9}
		{90C0E9F9-6D0A-4C10-95C9-693FE8D51A7F} = {2C73F1A2-371B-474B-99ED-3AF4F6CB4BF9}
	EndGlobalSection
	GlobalSection(ExtensibilityGlobals) = postSolution
		SolutionGuid = {0CD95FF0-7544-473E-B3BF-2F43E5A800D3}
	EndGlobalSection
EndGlobal
